
Microsoft Visual Studio Solution File, Format Version 12.00
# Visual Studio Version 17
VisualStudioVersion = 17.8.34525.116
MinimumVisualStudioVersion = 10.0.40219.1
Project("{FAE04EC0-301F-11D3-BF4B-00C04F79EFBC}") = "WinFormsApp4", "WinFormsApp4\WinFormsApp4.csproj", "{7D18E63B-494B-4440-922E-283899AEE474}"
EndProject
Project("{FAE04EC0-301F-11D3-BF4B-00C04F79EFBC}") = "WinFormsApp1", "WinFormsApp1\WinFormsApp1.csproj", "{1F142C71-514E-4FB5-9220-1FC522927987}"
EndProject
Global
	GlobalSection(SolutionConfigurationPlatforms) = preSolution
		Debug|Any CPU = Debug|Any CPU
		Release|Any CPU = Release|Any CPU
	EndGlobalSection
	GlobalSection(ProjectConfigurationPlatforms) = postSolution
		{7D18E63B-494B-4440-922E-283899AEE474}.Debug|Any CPU.ActiveCfg = Debug|Any CPU
		{7D18E63B-494B-4440-922E-283899AEE474}.Debug|Any CPU.Build.0 = Debug|Any CPU
		{7D18E63B-494B-4440-922E-283899AEE474}.Release|Any CPU.ActiveCfg = Release|Any CPU
		{7D18E63B-494B-4440-922E-283899AEE474}.Release|Any CPU.Build.0 = Release|Any CPU
		{1F142C71-514E-4FB5-9220-1FC522927987}.Debug|Any CPU.ActiveCfg = Debug|Any CPU
		{1F142C71-514E-4FB5-9220-1FC522927987}.Debug|Any CPU.Build.0 = Debug|Any CPU
		{1F142C71-514E-4FB5-9220-1FC522927987}.Release|Any CPU.ActiveCfg = Release|Any CPU
		{1F142C71-514E-4FB5-9220-1FC522927987}.Release|Any CPU.Build.0 = Release|Any CPU
	EndGlobalSection
	GlobalSection(SolutionProperties) = preSolution
		HideSolutionNode = FALSE
	EndGlobalSection
	GlobalSection(ExtensibilityGlobals) = postSolution
		SolutionGuid = {45407EBF-E1A1-4C9A-995B-F79A5796A1A2}
	EndGlobalSection
EndGlobal
