
Microsoft Visual Studio Solution File, Format Version 12.00
# Visual Studio Version 17
VisualStudioVersion = 17.8.34525.116
MinimumVisualStudioVersion = 10.0.40219.1
Project("{FAE04EC0-301F-11D3-BF4B-00C04F79EFBC}") = "RandomGame", "RandomGame\RandomGame.csproj", "{84055385-9D2D-4026-9E76-5401443A30F7}"
EndProject
Global
	GlobalSection(SolutionConfigurationPlatforms) = preSolution
		Debug|Any CPU = Debug|Any CPU
		Release|Any CPU = Release|Any CPU
	EndGlobalSection
	GlobalSection(ProjectConfigurationPlatforms) = postSolution
		{84055385-9D2D-4026-9E76-5401443A30F7}.Debug|Any CPU.ActiveCfg = Debug|Any CPU
		{84055385-9D2D-4026-9E76-5401443A30F7}.Debug|Any CPU.Build.0 = Debug|Any CPU
		{84055385-9D2D-4026-9E76-5401443A30F7}.Release|Any CPU.ActiveCfg = Release|Any CPU
		{84055385-9D2D-4026-9E76-5401443A30F7}.Release|Any CPU.Build.0 = Release|Any CPU
	EndGlobalSection
	GlobalSection(SolutionProperties) = preSolution
		HideSolutionNode = FALSE
	EndGlobalSection
	GlobalSection(ExtensibilityGlobals) = postSolution
		SolutionGuid = {B80DCBCB-AC08-4334-B1D3-CFB97ECB8710}
	EndGlobalSection
EndGlobal
