
Microsoft Visual Studio Solution File, Format Version 12.00
# Visual Studio Version 17
VisualStudioVersion = 17.8.34525.116
MinimumVisualStudioVersion = 10.0.40219.1
Project("{FAE04EC0-301F-11D3-BF4B-00C04F79EFBC}") = "mdiproject", "mdiproject\mdiproject.csproj", "{8BF42EB9-F9C3-445A-91E0-0F9818F0D955}"
EndProject
Global
	GlobalSection(SolutionConfigurationPlatforms) = preSolution
		Debug|Any CPU = Debug|Any CPU
		Release|Any CPU = Release|Any CPU
	EndGlobalSection
	GlobalSection(ProjectConfigurationPlatforms) = postSolution
		{8BF42EB9-F9C3-445A-91E0-0F9818F0D955}.Debug|Any CPU.ActiveCfg = Debug|Any CPU
		{8BF42EB9-F9C3-445A-91E0-0F9818F0D955}.Debug|Any CPU.Build.0 = Debug|Any CPU
		{8BF42EB9-F9C3-445A-91E0-0F9818F0D955}.Release|Any CPU.ActiveCfg = Release|Any CPU
		{8BF42EB9-F9C3-445A-91E0-0F9818F0D955}.Release|Any CPU.Build.0 = Release|Any CPU
	EndGlobalSection
	GlobalSection(SolutionProperties) = preSolution
		HideSolutionNode = FALSE
	EndGlobalSection
	GlobalSection(ExtensibilityGlobals) = postSolution
		SolutionGuid = {8B2BE7FE-959D-473D-99DC-F7FC24A11900}
	EndGlobalSection
EndGlobal
